{
    "_readme": [
        "This file locks the dependencies of your project to a known state",
        "Read more about it at https://getcomposer.org/doc/01-basic-usage.md#installing-dependencies",
        "This file is @generated automatically"
    ],
    "content-hash": "da8058c23efed8f900fea307b2c7198a",
    "packages": [
        {
            "name": "diogene/diogene",
            "version": "1.9.4",
            "source": {
                "type": "git",
                "url": "https://github.com/spipremix/diogene.git",
                "reference": "95a388ff76c4b501d8fbb241fa32df2eb4ac504b"
            },
            "dist": {
                "type": "zip",
                "url": "https://api.github.com/repos/spipremix/diogene/zipball/95a388ff76c4b501d8fbb241fa32df2eb4ac504b",
                "reference": "95a388ff76c4b501d8fbb241fa32df2eb4ac504b",
                "shasum": ""
            },
            "require": {
                "spip/images": ">=1.2",
                "spip/mediabox": ">=1.0",
                "spip/organiseur": ">=1.0",
                "spipremix/saisies": "^2.25"
            },
            "type": "spip-plugin",
            "notification-url": "https://packagist.org/downloads/",
            "license": [
                "GPL-3.0-or-later"
            ],
            "authors": [
                {
                    "name": "Bruno Bergot",
                    "email": "bruno@eliaz.fr"
                },
                {
                    "name": "kent1",
                    "email": "kent1@arscenic.info",
                    "homepage": "http://www.kent1.info"
                }
            ],
            "description": "Création de templates de formulaires pour les objets",
            "homepage": "https://www.mediaspip.net/spip.php?article50",
            "time": "2018-06-11T20:14:08+00:00"
        },
        {
            "name": "geodiv/squelettes",
            "version": "1.8.2",
            "source": {
                "type": "git",
                "url": "https://github.com/JamesRezo/geodiv-skel.git",
                "reference": "c467f4afc50cf53d3ff25735c64f4040a202b067"
            },
            "dist": {
                "type": "zip",
                "url": "https://api.github.com/repos/JamesRezo/geodiv-skel/zipball/c467f4afc50cf53d3ff25735c64f4040a202b067",
                "reference": "c467f4afc50cf53d3ff25735c64f4040a202b067",
                "shasum": ""
            },
            "require": {
                "spip/dist": "3.1.*"
            },
            "type": "spip-plugin",
            "notification-url": "https://packagist.org/downloads/",
            "license": [
                "GPL-3.0-or-later"
            ],
            "authors": [
                {
                    "name": "brunob",
                    "email": "bruno@eliaz.fr"
                }
            ],
            "description": "Un squelette pour SPIP qui permet de mettre en place une galerie de médias géoréférencés",
            "time": "2018-06-09T10:16:59+00:00"
        },
        {
            "name": "mediaspip/emballe_medias",
            "version": "2.0.12",
            "source": {
                "type": "git",
                "url": "https://github.com/spipremix/emballe_medias.git",
                "reference": "f119302cf2cc8f2f604bb911079008c76d57cdb9"
            },
            "dist": {
                "type": "zip",
                "url": "https://api.github.com/repos/spipremix/emballe_medias/zipball/f119302cf2cc8f2f604bb911079008c76d57cdb9",
                "reference": "f119302cf2cc8f2f604bb911079008c76d57cdb9",
                "shasum": ""
            },
            "require": {
                "diogene/diogene": "^1.9",
                "mediaspip/jquery_file_upload": "^5.16",
                "mediaspip/swfupload": "^1.1",
                "spip/medias": "2.11.*",
                "spipremix/notifications": "^3.6",
                "spipremix/saisies": "^2.25"
            },
            "type": "spip-plugin",
            "notification-url": "https://packagist.org/downloads/",
            "license": [
                "GPL-3.0-or-later"
            ],
            "authors": [
                {
                    "name": "Bruno Bergot",
                    "email": "bruno@eliaz.fr"
                },
                {
                    "name": "kent1",
                    "email": "kent1@arscenic.info",
                    "homepage": "http://www.kent1.info"
                }
            ],
            "description": "Emballer ses documents proprement",
            "time": "2018-06-13T06:50:46+00:00"
        },
        {
            "name": "mediaspip/jquery_file_upload",
            "version": "5.16.6",
            "source": {
                "type": "git",
                "url": "https://github.com/spipremix/jquery_file_upload.git",
                "reference": "eb1bc98f8648131cf3dfa5589c09afa272bd8aa1"
            },
            "dist": {
                "type": "zip",
                "url": "https://api.github.com/repos/spipremix/jquery_file_upload/zipball/eb1bc98f8648131cf3dfa5589c09afa272bd8aa1",
                "reference": "eb1bc98f8648131cf3dfa5589c09afa272bd8aa1",
                "shasum": ""
            },
            "require": {
                "spip/jquery_ui": "^1.8"
            },
            "type": "spip-plugin",
            "notification-url": "https://packagist.org/downloads/",
            "license": [
                "GPL-3.0-or-later"
            ],
            "authors": [
                {
                    "name": "kent1",
                    "email": "kent1@arscenic.info",
                    "homepage": "http://www.kent1.info"
                }
            ],
            "description": "jQuery File Upload for SPIP",
            "time": "2018-06-11T20:55:05+00:00"
        },
        {
            "name": "mediaspip/player",
            "version": "1.6.5",
            "source": {
                "type": "git",
                "url": "https://github.com/spipremix/mediaspip_player.git",
                "reference": "642e5f7e751165055b73979d89a6d2566934a80e"
            },
            "dist": {
                "type": "zip",
                "url": "https://api.github.com/repos/spipremix/mediaspip_player/zipball/642e5f7e751165055b73979d89a6d2566934a80e",
                "reference": "642e5f7e751165055b73979d89a6d2566934a80e",
                "shasum": ""
            },
            "require": {
                "spip/medias": "^2.11"
            },
            "type": "spip-plugin",
            "notification-url": "https://packagist.org/downloads/",
            "license": [
                "GPL-3.0-or-later"
            ],
            "authors": [
                {
                    "name": "kent1",
                    "email": "kent1@arscenic.info",
                    "homepage": "http://www.kent1.info"
                }
            ],
            "description": "Lecteur multimédia HTML5 pour MediaSPIP",
            "homepage": "https://player.mediaspip.net/documentation/",
            "time": "2018-06-11T06:50:06+00:00"
        },
        {
            "name": "mediaspip/swfupload",
            "version": "1.1.2",
            "source": {
                "type": "git",
                "url": "https://github.com/spipremix/swfupload.git",
                "reference": "fe0cf5f1e87af00381e7f320404fb98552dcb6e9"
            },
            "dist": {
                "type": "zip",
                "url": "https://api.github.com/repos/spipremix/swfupload/zipball/fe0cf5f1e87af00381e7f320404fb98552dcb6e9",
                "reference": "fe0cf5f1e87af00381e7f320404fb98552dcb6e9",
                "shasum": ""
            },
            "type": "spip-plugin",
            "notification-url": "https://packagist.org/downloads/",
            "license": [
                "MIT"
            ],
            "authors": [
                {
                    "name": "kent1",
                    "email": "kent1@arscenic.info",
                    "homepage": "http://www.kent1.info"
                }
            ],
            "description": "swfupload for SPIP",
            "time": "2018-06-11T21:58:26+00:00"
        },
        {
            "name": "spip/breves",
            "version": "1.3.14",
            "source": {
                "type": "git",
                "url": "https://git-spip.lerebooteux.fr/spip/breves.git",
                "reference": "168798fe963b57a600b67d35dd10fd176f87786c"
            },
            "dist": {
                "type": "zip",
                "url": "https://composer-spip.lerebooteux.fr/files/spip/breves/spip-breves-1.3.14-727d8b.zip",
                "reference": "168798fe963b57a600b67d35dd10fd176f87786c",
                "shasum": "3d85f43b98a6a2ae57368981de614cdfbe982eeb"
            },
            "type": "spip-plugin",
            "license": [
                "MIT"
            ],
            "authors": [
                {
                    "name": "Collectif SPIP",
                    "email": "spip-dev@rezo.net"
                }
            ],
            "description": "Gestion des brèves dans SPIP",
            "time": "2018-06-07T20:56:49+00:00"
        },
        {
            "name": "spip/cms",
            "version": "3.1.0",
            "source": {
                "type": "git",
                "url": "https://git-spip.lerebooteux.fr/spip/cms.git",
                "reference": "e5d18fd5d342532a26a9fb3990d3c29db3f4d12c"
            },
            "require": {
                "spip/ecrire": "3.1.*",
                "spip/prive": "3.1.*"
            },
            "type": "metapackage",
            "license": [
                "GPL-3.0-or-later"
            ],
            "authors": [
                {
                    "name": "Arnaud Martin",
                    "email": "arno@rezo.net"
                },
                {
                    "name": "Antoine Pitrou",
                    "email": "antoine@pitrou.net"
                },
                {
                    "name": "Philippe Rivière",
                    "email": "fil@rezo.net"
                },
                {
                    "name": "Emmanuel Saint-James",
                    "email": "esj@rezo.net"
                }
            ],
            "time": "2018-06-08T06:37:08+00:00"
        },
        {
            "name": "spip/composer-installer",
            "version": "0.2",
            "source": {
                "type": "git",
                "url": "https://git-spip.lerebooteux.fr/spip/composer-installer.git",
                "reference": "78633d6205b481a495917f785d5393efc19cd75d"
            },
            "dist": {
                "type": "zip",
                "url": "https://composer-spip.lerebooteux.fr/files/spip/composer-installer/spip-composer-installer-0.2-fadda7.zip",
                "reference": "78633d6205b481a495917f785d5393efc19cd75d",
                "shasum": "525ee6a3ca91bbf04bb80393d7b6c1552f6f0b7f"
            },
            "require": {
                "composer-plugin-api": "^1.0",
                "php": "^5.3|^7"
            },
            "require-dev": {
                "composer/composer": "^1.6",
                "phpunit/phpunit": "^4.8"
            },
            "type": "composer-plugin",
            "extra": {
                "class": "Spip\\Composer\\SpipInstallerPlugin"
            },
            "autoload": {
                "psr-4": {
                    "Spip\\Composer\\": "src/"
                }
            },
            "autoload-dev": {
                "psr-4": {
                    "Spip\\Test\\Composer\\": "tests/"
                }
            },
            "license": [
                "MIT"
            ],
            "authors": [
                {
                    "name": "James Hautot",
                    "email": "james@rezo.net"
                }
            ],
            "description": "SPIP Composer Installer Plugin",
            "time": "2018-05-02T14:29:29+00:00"
        },
        {
            "name": "spip/dist",
            "version": "3.1.0",
            "source": {
                "type": "git",
                "url": "https://git-spip.lerebooteux.fr/spip/dist.git",
                "reference": "e7121e26e4da08e8499d2fa67177b14221196af5"
            },
            "dist": {
                "type": "zip",
                "url": "https://composer-spip.lerebooteux.fr/files/spip/dist/spip-dist-3.1.0-c93939.zip",
                "reference": "e7121e26e4da08e8499d2fa67177b14221196af5",
                "shasum": "57ccc18f8b121ff8cf19797b3d90890861197c05"
            },
            "require": {
                "spip/breves": "1.3.*",
                "spip/forum": "1.9.*",
                "spip/medias": "2.11.*",
                "spip/sites": "1.9.*"
            },
            "type": "spip-plugin",
            "license": [
                "GPL3"
            ],
            "authors": [
                {
                    "name": "Collectif SPIP",
                    "email": "spip-dev@rezo.net"
                }
            ],
            "description": "Squelettes par défaut de SPIP Classic",
            "time": "2018-06-07T21:50:40+00:00"
        },
        {
            "name": "spip/ecrire",
            "version": "3.1.8",
            "source": {
                "type": "git",
                "url": "https://git-spip.lerebooteux.fr/spip/ecrire.git",
                "reference": "448fe1210b927c95494c1005247f0c6ad991c32e"
            },
            "dist": {
                "type": "zip",
                "url": "https://composer-spip.lerebooteux.fr/files/spip/ecrire/spip-ecrire-3.1.8-5bc537.zip",
                "reference": "448fe1210b927c95494c1005247f0c6ad991c32e",
                "shasum": "0627f69010fbc8d6be6af760851f0148bc62c761"
            },
            "type": "spip-ecrire",
            "license": [
                "GPL-3.0-or-later"
            ],
            "authors": [
                {
                    "name": "Arnaud Martin",
                    "email": "arno@rezo.net"
                },
                {
                    "name": "Antoine Pitrou",
                    "email": "antoine@pitrou.net"
                },
                {
                    "name": "Philippe Rivière",
                    "email": "fil@rezo.net"
                },
                {
                    "name": "Emmanuel Saint-James",
                    "email": "esj@rezo.net"
                }
            ],
            "time": "2018-06-07T06:41:19+00:00"
        },
        {
            "name": "spip/forum",
            "version": "1.9.36",
            "source": {
                "type": "git",
                "url": "https://git-spip.lerebooteux.fr/spip/forum.git",
                "reference": "ef77722ec8279315f82194b6d55bab2746395e09"
            },
            "dist": {
                "type": "zip",
                "url": "https://composer-spip.lerebooteux.fr/files/spip/forum/spip-forum-1.9.36-944c7c.zip",
                "reference": "ef77722ec8279315f82194b6d55bab2746395e09",
                "shasum": "a59e64c61bae17ab7f59ddcd114bdf47a6d8ccf6"
            },
            "type": "spip-plugin",
            "license": [
                "GPL-3.0-or-later"
            ],
            "authors": [
                {
                    "name": "Collectif SPIP",
                    "email": "spip-dev@rezo.net"
                }
            ],
            "description": "Gestion des forums privés et publics dans SPIP",
            "time": "2018-06-07T17:01:02+00:00"
        },
        {
            "name": "spip/images",
            "version": "1.2.1",
            "source": {
                "type": "git",
                "url": "https://git-spip.lerebooteux.fr/spip/images.git",
                "reference": "2e89158990245c6064522896ca93a7562b3f25ff"
            },
            "dist": {
                "type": "zip",
                "url": "https://composer-spip.lerebooteux.fr/files/spip/images/spip-images-1.2.1-cf0a79.zip",
                "reference": "2e89158990245c6064522896ca93a7562b3f25ff",
                "shasum": "887c799c551c855f334daeb5748fd8854ab32275"
            },
            "type": "spip-plugin",
            "license": [
                "GPL-3.0-or-later"
            ],
            "authors": [
                {
                    "name": "Collectif SPIP",
                    "email": "spip-dev@rezo.net"
                }
            ],
            "description": "Filtres de transformation d'image et de couleurs",
            "time": "2018-06-08T06:18:26+00:00"
        },
        {
            "name": "spip/jquery_ui",
            "version": "1.11.4",
            "source": {
                "type": "git",
                "url": "https://git-spip.lerebooteux.fr/spip/jquery_ui.git",
                "reference": "ca77aa42e076166c595200905881afb3f74a3d5f"
            },
            "dist": {
                "type": "zip",
                "url": "https://composer-spip.lerebooteux.fr/files/spip/jquery_ui/spip-jquery_ui-1.11.4-29a507.zip",
                "reference": "ca77aa42e076166c595200905881afb3f74a3d5f",
                "shasum": "d69c775cba7ac7d35b5ddf205fd970d358534931"
            },
            "type": "spip-plugin",
            "license": [
                "GPL-3.0-or-later"
            ],
            "authors": [
                {
                    "name": "Collectif SPIP",
                    "email": "spip-dev@rezo.net"
                }
            ],
            "description": "Animations, effets et widgets jQuery",
            "time": "2018-06-07T06:18:40+00:00"
        },
        {
            "name": "spip/mediabox",
            "version": "1.0.4",
            "source": {
                "type": "git",
                "url": "https://git-spip.lerebooteux.fr/spip/mediabox.git",
                "reference": "8900d9b4b55f6ea09f9e05afb930ffc46bc5468e"
            },
            "dist": {
                "type": "zip",
                "url": "https://composer-spip.lerebooteux.fr/files/spip/mediabox/spip-mediabox-1.0.4-7d6104.zip",
                "reference": "8900d9b4b55f6ea09f9e05afb930ffc46bc5468e",
                "shasum": "d65fcfdfd4aec5107b94e3416b34063932756330"
            },
            "type": "spip-plugin",
            "extra": {
                "branch-alias": {
                    "dev-master": "1.2.x-dev"
                }
            },
            "license": [
                "GPL-3.0-or-later"
            ],
            "authors": [
                {
                    "name": "Collectif SPIP",
                    "email": "spip-dev@rezo.net"
                }
            ],
            "description": "Boîte multimédia",
            "time": "2018-06-11T06:05:12+00:00"
        },
        {
            "name": "spip/medias",
            "version": "2.11.44",
            "source": {
                "type": "git",
                "url": "https://git-spip.lerebooteux.fr/spip/medias.git",
                "reference": "cfece3ffae0949bf007df82e0ae0fbe04e19caa0"
            },
            "dist": {
                "type": "zip",
                "url": "https://composer-spip.lerebooteux.fr/files/spip/medias/spip-medias-2.11.44-b6b6ff.zip",
                "reference": "cfece3ffae0949bf007df82e0ae0fbe04e19caa0",
                "shasum": "44975f88478b05ff39d8bd5f0c19fbb6bdd34e97"
            },
            "type": "spip-plugin",
            "license": [
                "GPL-3.0-or-later"
            ],
            "authors": [
                {
                    "name": "Collectif SPIP",
                    "email": "spip-dev@rezo.net"
                }
            ],
            "description": "Gestion des medias dans SPIP",
            "time": "2018-06-07T06:02:07+00:00"
        },
        {
            "name": "spip/mots",
            "version": "2.7.8",
            "source": {
                "type": "git",
                "url": "https://git-spip.lerebooteux.fr/spip/mots.git",
                "reference": "ec5fad21b8140b3d5b9838fe2ca9d38d026b8e90"
            },
            "dist": {
                "type": "zip",
                "url": "https://composer-spip.lerebooteux.fr/files/spip/mots/spip-mots-2.7.8-8212fc.zip",
                "reference": "ec5fad21b8140b3d5b9838fe2ca9d38d026b8e90",
                "shasum": "cedbcd163791a0099a08a179d5c53ed0da9eaea0"
            },
            "type": "spip-plugin",
            "license": [
                "GPL-3.0-or-later"
            ],
            "authors": [
                {
                    "name": "Collectif SPIP",
                    "email": "spip-dev@rezo.net"
                }
            ],
            "description": "Gestion des mots et groupes de mots dans SPIP",
            "time": "2018-06-08T05:45:56+00:00"
        },
        {
            "name": "spip/organiseur",
            "version": "1.0.3",
            "source": {
                "type": "git",
                "url": "https://git-spip.lerebooteux.fr/spip/organiseur.git",
                "reference": "3ef65e0639ef2f25c655752f4f03babd0bf6e64f"
            },
            "dist": {
                "type": "zip",
                "url": "https://composer-spip.lerebooteux.fr/files/spip/organiseur/spip-organiseur-1.0.3-ea6efd.zip",
                "reference": "3ef65e0639ef2f25c655752f4f03babd0bf6e64f",
                "shasum": "e99b56dc09868a6b3c1315246062401499a7c6c0"
            },
            "type": "spip-plugin",
            "license": [
                "GPL-3.0-or-later"
            ],
            "authors": [
                {
                    "name": "Collectif SPIP",
                    "email": "spip-dev@rezo.net"
                }
            ],
            "description": "Outils de travail éditorial en groupe",
            "time": "2018-06-08T06:03:12+00:00"
        },
        {
            "name": "spip/prive",
            "version": "3.1.8",
            "source": {
                "type": "git",
                "url": "https://git-spip.lerebooteux.fr/spip/prive.git",
                "reference": "a62693436081c1e2f28e46a8210059a2a082ad5e"
            },
            "dist": {
                "type": "zip",
                "url": "https://composer-spip.lerebooteux.fr/files/spip/prive/spip-prive-3.1.8-d0829a.zip",
                "reference": "a62693436081c1e2f28e46a8210059a2a082ad5e",
                "shasum": "396b347468552fb0cc7c8bb9cba6c9b0f4255f5e"
            },
            "type": "spip-prive",
            "license": [
                "GPL-3.0-or-later"
            ],
            "authors": [
                {
                    "name": "JamesRezo",
                    "email": "james@rezo.net"
                }
            ],
            "time": "2018-06-07T11:28:40+00:00"
        },
        {
            "name": "spip/sites",
            "version": "1.9.25",
            "source": {
                "type": "git",
                "url": "https://git-spip.lerebooteux.fr/spip/sites.git",
                "reference": "954c289445a2a27310fab67390da874b0aaa8460"
            },
            "dist": {
                "type": "zip",
                "url": "https://composer-spip.lerebooteux.fr/files/spip/sites/spip-sites-1.9.25-74b344.zip",
                "reference": "954c289445a2a27310fab67390da874b0aaa8460",
                "shasum": "d3efce53b8dce4e352eb2eeaae70b6b62a64c3fb"
            },
            "type": "spip-plugin",
            "license": [
                "GPL-3.0-or-later"
            ],
            "authors": [
                {
                    "name": "Collectif SPIP",
                    "email": "spip-dev@rezo.net"
                }
            ],
            "description": "Gestion des sites et de la syndication dans SPIP",
            "time": "2018-06-07T17:12:30+00:00"
        },
        {
            "name": "spipremix/bonux",
            "version": "3.4.6",
            "source": {
                "type": "git",
                "url": "https://github.com/spipremix/bonux.git",
                "reference": "79928cd2622ce21bbcaa312084327254224681b1"
            },
            "dist": {
                "type": "zip",
                "url": "https://api.github.com/repos/spipremix/bonux/zipball/79928cd2622ce21bbcaa312084327254224681b1",
                "reference": "79928cd2622ce21bbcaa312084327254224681b1",
                "shasum": ""
            },
            "type": "spip-plugin",
            "notification-url": "https://packagist.org/downloads/",
            "license": [
                "GPL-3.0-or-later"
            ],
            "authors": [
                {
                    "name": "Cédric Morin",
                    "email": "cedric@yterium.net"
                }
            ],
            "description": "Le plugin qui lave plus SPIP que SPIP, avec des chouettes cadeaux dedans",
            "homepage": "https://contrib.spip.net/Bonux-pour-SPIP3",
            "time": "2018-05-27T18:41:07+00:00"
        },
        {
            "name": "spipremix/date_inscription",
            "version": "0.2.1",
            "source": {
                "type": "git",
                "url": "https://github.com/spipremix/date_inscription.git",
                "reference": "41863b63b3e93ea3eec41a7498ae764a24d50718"
            },
            "dist": {
                "type": "zip",
                "url": "https://api.github.com/repos/spipremix/date_inscription/zipball/41863b63b3e93ea3eec41a7498ae764a24d50718",
                "reference": "41863b63b3e93ea3eec41a7498ae764a24d50718",
                "shasum": ""
            },
            "type": "spip-plugin",
            "notification-url": "https://packagist.org/downloads/",
            "license": [
                "GPL-3.0-or-later"
            ],
            "authors": [
                {
                    "name": "brunob",
                    "email": "bruno@eliaz.fr"
                }
            ],
            "description": "Une date d'inscription pour les auteurs",
            "homepage": "https://contrib.spip.net/Date-d-inscription",
            "keywords": [
                "auteur",
                "spip"
            ],
            "time": "2018-06-09T12:36:41+00:00"
        },
        {
            "name": "spipremix/facteur",
            "version": "3.5.2",
            "source": {
                "type": "git",
                "url": "https://github.com/spipremix/facteur.git",
                "reference": "9cdca595d1f8f9a66c29e5c74e8666d81ebc65ca"
            },
            "dist": {
                "type": "zip",
                "url": "https://api.github.com/repos/spipremix/facteur/zipball/9cdca595d1f8f9a66c29e5c74e8666d81ebc65ca",
                "reference": "9cdca595d1f8f9a66c29e5c74e8666d81ebc65ca",
                "shasum": ""
            },
            "provide": {
                "phpmailer/phpmailer": "5.2.6"
            },
            "type": "spip-plugin",
            "notification-url": "https://packagist.org/downloads/",
            "license": [
                "MIT"
            ],
            "authors": [
                {
                    "name": "Collectif SPIP"
                }
            ],
            "description": "Il distribue votre courrier",
            "homepage": "https://contrib.spip.net/Facteur",
            "time": "2018-06-12T18:01:20+00:00"
        },
        {
            "name": "spipremix/gis",
            "version": "4.44.18",
            "source": {
                "type": "git",
                "url": "https://github.com/spipremix/gis.git",
                "reference": "398654bfd752738637033a76f7e719d5a875d041"
            },
            "dist": {
                "type": "zip",
                "url": "https://api.github.com/repos/spipremix/gis/zipball/398654bfd752738637033a76f7e719d5a875d041",
                "reference": "398654bfd752738637033a76f7e719d5a875d041",
                "shasum": ""
            },
            "require": {
                "spipremix/saisies": "^2.25"
            },
            "type": "spip-plugin",
            "notification-url": "https://packagist.org/downloads/",
            "license": [
                "GPL-3.0-or-later"
            ],
            "authors": [
                {
                    "name": "Bruno Bergot",
                    "email": "bruno@eliaz.fr"
                },
                {
                    "name": "kent1",
                    "email": "kent1@arscenic.info",
                    "homepage": "http://www.kent1.info"
                },
                {
                    "name": "Les Développements Durables",
                    "homepage": "http://www.ldd.fr"
                }
            ],
            "description": "Gestion des pages sans rubrique",
            "homepage": "https://contrib.spip.net/4189",
            "time": "2018-06-10T16:33:57+00:00"
        },
        {
            "name": "spipremix/legendes",
            "version": "1.1.4",
            "source": {
                "type": "git",
                "url": "https://github.com/spipremix/legendes.git",
                "reference": "999d14d73fa295dfe8e721f12e76c50fc72ef5d3"
            },
            "dist": {
                "type": "zip",
                "url": "https://api.github.com/repos/spipremix/legendes/zipball/999d14d73fa295dfe8e721f12e76c50fc72ef5d3",
                "reference": "999d14d73fa295dfe8e721f12e76c50fc72ef5d3",
                "shasum": ""
            },
            "require": {
                "spip/jquery_ui": "1.11.*",
                "spip/medias": "2.11.*",
                "spipremix/saisies": "^2.25"
            },
            "type": "spip-plugin",
            "notification-url": "https://packagist.org/downloads/",
            "license": [
                "GPL-3.0-or-later"
            ],
            "authors": [
                {
                    "name": "Bruno Bergot",
                    "email": "bruno@eliaz.fr"
                }
            ],
            "description": "Légender ses photos",
            "homepage": "https://contrib.spip.net/Legendes",
            "time": "2018-06-10T13:11:10+00:00"
        },
        {
            "name": "spipremix/menus",
            "version": "1.6.11",
            "source": {
                "type": "git",
                "url": "https://github.com/spipremix/menus.git",
                "reference": "64360db5e1700a3c16e525b4f969b0dba0a2532d"
            },
            "dist": {
                "type": "zip",
                "url": "https://api.github.com/repos/spipremix/menus/zipball/64360db5e1700a3c16e525b4f969b0dba0a2532d",
                "reference": "64360db5e1700a3c16e525b4f969b0dba0a2532d",
                "shasum": ""
            },
            "require": {
                "spipremix/saisies": "^2.25"
            },
            "type": "spip-plugin",
            "notification-url": "https://packagist.org/downloads/",
            "license": [
                "GPL-3.0-or-later"
            ],
            "authors": [
                {
                    "name": "RastaPopoulos",
                    "email": "rastapopoulos@spip.org"
                },
                {
                    "name": "Les Développements Durables",
                    "homepage": "http://www.ldd.fr"
                }
            ],
            "description": "Élaborer des menus au moyen d’une interface conviviale",
            "homepage": "https://contrib.spip.net/Menus-3139",
            "time": "2018-06-10T17:19:28+00:00"
        },
        {
            "name": "spipremix/mesfavoris",
            "version": "2.5.4",
            "source": {
                "type": "git",
                "url": "https://github.com/spipremix/mesfavoris.git",
                "reference": "a952519f9cb7b3e5bdad15a02f7c4ffa5b112aa7"
            },
            "dist": {
                "type": "zip",
                "url": "https://api.github.com/repos/spipremix/mesfavoris/zipball/a952519f9cb7b3e5bdad15a02f7c4ffa5b112aa7",
                "reference": "a952519f9cb7b3e5bdad15a02f7c4ffa5b112aa7",
                "shasum": ""
            },
            "type": "spip-plugin",
            "notification-url": "https://packagist.org/downloads/",
            "license": [
                "MIT"
            ],
            "authors": [
                {
                    "name": "Olivier Sallou"
                },
                {
                    "name": "Cédric Morin",
                    "email": "cedric@yterium.net",
                    "homepage": "http://www.yterium.net"
                },
                {
                    "name": "Gilles Vincent",
                    "email": "gilles.vincent@gmail.com",
                    "homepage": "http://www.tech-nova.fr"
                }
            ],
            "description": "Élaborer des menus au moyen d’une interface conviviale",
            "homepage": "https://contrib.spip.net/Menus-3139",
            "time": "2018-06-10T18:29:35+00:00"
        },
        {
            "name": "spipremix/nospam",
            "version": "1.5.18",
            "source": {
                "type": "git",
                "url": "https://github.com/spipremix/nospam.git",
                "reference": "a826a56ae8cd3d2beb9ad33ee4eaeca65af80dfe"
            },
            "dist": {
                "type": "zip",
                "url": "https://api.github.com/repos/spipremix/nospam/zipball/a826a56ae8cd3d2beb9ad33ee4eaeca65af80dfe",
                "reference": "a826a56ae8cd3d2beb9ad33ee4eaeca65af80dfe",
                "shasum": ""
            },
            "type": "spip-plugin",
            "notification-url": "https://packagist.org/downloads/",
            "license": [
                "GPL-3.0-or-later"
            ],
            "authors": [
                {
                    "name": "Cédric Morin",
                    "email": "cedric@yterium.net"
                }
            ],
            "description": "Limiter le risque de spams dans les forums",
            "homepage": "https://contrib.spip.net/NoSPAM,1165",
            "time": "2018-06-09T15:38:42+00:00"
        },
        {
            "name": "spipremix/notifications",
            "version": "3.6.7",
            "source": {
                "type": "git",
                "url": "https://github.com/spipremix/notifications.git",
                "reference": "abc7d61a96b0cb297b9277f3539c13215bf49a90"
            },
            "dist": {
                "type": "zip",
                "url": "https://api.github.com/repos/spipremix/notifications/zipball/abc7d61a96b0cb297b9277f3539c13215bf49a90",
                "reference": "abc7d61a96b0cb297b9277f3539c13215bf49a90",
                "shasum": ""
            },
            "require": {
                "spipremix/facteur": "^3.5"
            },
            "type": "spip-plugin",
            "notification-url": "https://packagist.org/downloads/",
            "license": [
                "GPL-3.0-or-later"
            ],
            "authors": [
                {
                    "name": "Fil",
                    "email": "fil@rezo.net"
                }
            ],
            "description": "Envoyer des mails quand les gens s’expriment dans le forum de l’espace privé, sous un article, ou dans la messagerie personnelle",
            "homepage": "https://contrib.spip.net/Notifications",
            "time": "2018-06-12T18:12:26+00:00"
        },
        {
            "name": "spipremix/nuage",
            "version": "4.0.7",
            "source": {
                "type": "git",
                "url": "https://github.com/spipremix/nuage.git",
                "reference": "856adf5be324a0cfafe0c0b3cb8290fb3f090dcf"
            },
            "dist": {
                "type": "zip",
                "url": "https://api.github.com/repos/spipremix/nuage/zipball/856adf5be324a0cfafe0c0b3cb8290fb3f090dcf",
                "reference": "856adf5be324a0cfafe0c0b3cb8290fb3f090dcf",
                "shasum": ""
            },
            "require": {
                "spipremix/bonux": "^3.4"
            },
            "type": "spip-plugin",
            "notification-url": "https://packagist.org/downloads/",
            "license": [
                "GPL-3.0-or-later"
            ],
            "authors": [
                {
                    "name": "JamesRezo",
                    "email": "james@rezo.net"
                },
                {
                    "name": "Fil",
                    "email": "fil@rezo.net"
                },
                {
                    "name": "Booz",
                    "email": "booz@rezo.net"
                }
            ],
            "description": "Afficher les mots-clés en faisant varier la taille de la police",
            "homepage": "https://contrib.spip.net/Nuage-de-mots-cles",
            "keywords": [
                "navigation",
                "spip"
            ],
            "time": "2018-06-09T14:30:19+00:00"
        },
        {
            "name": "spipremix/pages",
            "version": "1.3.7",
            "source": {
                "type": "git",
                "url": "https://github.com/spipremix/pages.git",
                "reference": "c58961df861f5888f0eb749156a0e66226c1fc3b"
            },
            "dist": {
                "type": "zip",
                "url": "https://api.github.com/repos/spipremix/pages/zipball/c58961df861f5888f0eb749156a0e66226c1fc3b",
                "reference": "c58961df861f5888f0eb749156a0e66226c1fc3b",
                "shasum": ""
            },
            "type": "spip-plugin",
            "notification-url": "https://packagist.org/downloads/",
            "license": [
                "GPL-3.0-or-later"
            ],
            "authors": [
                {
                    "name": "RastaPopoulos",
                    "email": "rastapopoulos@spip.org"
                }
            ],
            "description": "Gestion des pages sans rubrique",
            "homepage": "https://contrib.spip.net/Pages-uniques",
            "time": "2018-06-10T14:28:21+00:00"
        },
        {
            "name": "spipremix/polyhierarchy",
            "version": "3.6.9",
            "source": {
                "type": "git",
                "url": "https://github.com/spipremix/polyhierarchy.git",
                "reference": "26d8552a647a24e08767d3342ec5edbcc53f0961"
            },
            "dist": {
                "type": "zip",
                "url": "https://api.github.com/repos/spipremix/polyhierarchy/zipball/26d8552a647a24e08767d3342ec5edbcc53f0961",
                "reference": "26d8552a647a24e08767d3342ec5edbcc53f0961",
                "shasum": ""
            },
            "type": "spip-plugin",
            "notification-url": "https://packagist.org/downloads/",
            "license": [
                "GPL-3.0-or-later"
            ],
            "authors": [
                {
                    "name": "Cédric Morin",
                    "email": "cedric@yterium.net"
                }
            ],
            "description": "Rattacher un article ou une rubrique à plusieurs rubriques parentes",
            "homepage": "https://contrib.spip.net/Polyhierarchie",
            "time": "2018-05-27T16:50:51+00:00"
        },
        {
            "name": "spipremix/saisies",
            "version": "2.25.3",
            "source": {
                "type": "git",
                "url": "https://github.com/spipremix/saisies.git",
                "reference": "c0c83f33bbc5dc5dfe1e8d4112cd9768f3ea31e7"
            },
            "dist": {
                "type": "zip",
                "url": "https://api.github.com/repos/spipremix/saisies/zipball/c0c83f33bbc5dc5dfe1e8d4112cd9768f3ea31e7",
                "reference": "c0c83f33bbc5dc5dfe1e8d4112cd9768f3ea31e7",
                "shasum": ""
            },
            "type": "spip-plugin",
            "notification-url": "https://packagist.org/downloads/",
            "license": [
                "GPL-3.0-or-later"
            ],
            "authors": [
                {
                    "name": "Matthieu Marcillaud",
                    "email": "marcimat@rezo.net"
                },
                {
                    "name": "RastaPopoulos",
                    "email": "rastapopoulos@spip.org"
                },
                {
                    "name": "Joseph Larmarange",
                    "email": "joseph@larmarange.net"
                }
            ],
            "description": "Générer et manipuler plus facilement les champs des formulaires",
            "homepage": "https://contrib.spip.net/Saisies",
            "time": "2018-06-10T12:44:34+00:00"
        },
        {
            "name": "spipremix/zcore",
            "version": "2.6.6",
            "source": {
                "type": "git",
                "url": "https://github.com/spipremix/zcore.git",
                "reference": "ae30c52fe9a6ec0ead41d4d5bbaf6fdcb8fa7a84"
            },
            "dist": {
                "type": "zip",
                "url": "https://api.github.com/repos/spipremix/zcore/zipball/ae30c52fe9a6ec0ead41d4d5bbaf6fdcb8fa7a84",
                "reference": "ae30c52fe9a6ec0ead41d4d5bbaf6fdcb8fa7a84",
                "shasum": ""
            },
            "type": "spip-plugin",
            "notification-url": "https://packagist.org/downloads/",
            "license": [
                "GPL-3.0-or-later"
            ],
            "authors": [
                {
                    "name": "Cédric Morin",
                    "email": "cedric@yterium.net"
                }
            ],
            "description": "Z Framework pour SPIP (Zpip)",
            "time": "2018-06-08T16:17:08+00:00"
        }
    ],
    "packages-dev": [],
    "aliases": [],
    "minimum-stability": "stable",
    "stability-flags": [],
    "prefer-stable": false,
    "prefer-lowest": false,
    "platform": {
        "php": "5.3 - 7.1"
    },
    "platform-dev": [],
    "platform-overrides": {
        "php": "5.3.29"
    }
}
